// !$*UTF8*$!
{
	archiveVersion = 1;
	classes = {
	};
	objectVersion = 56;
	objects = {

/* Begin PBXBuildFile section */
		174BEB8A2A1C430800C8D0A7 /* SpaceTuorApp.swift in Sources */ = {isa = PBXBuildFile; fileRef = 174BEB892A1C430800C8D0A7 /* SpaceTuorApp.swift */; };
		174BEB8C2A1C430800C8D0A7 /* ContentView.swift in Sources */ = {isa = PBXBuildFile; fileRef = 174BEB8B2A1C430800C8D0A7 /* ContentView.swift */; };
		174BEB8E2A1C430900C8D0A7 /* Assets.xcassets in Resources */ = {isa = PBXBuildFile; fileRef = 174BEB8D2A1C430900C8D0A7 /* Assets.xcassets */; };
		174BEB912A1C430900C8D0A7 /* Preview Assets.xcassets in Resources */ = {isa = PBXBuildFile; fileRef = 174BEB902A1C430900C8D0A7 /* Preview Assets.xcassets */; };
		174BEBA42A1C443F00C8D0A7 /* OrbitalPathView.swift in Sources */ = {isa = PBXBuildFile; fileRef = 174BEB992A1C443F00C8D0A7 /* OrbitalPathView.swift */; };
		174BEBA52A1C443F00C8D0A7 /* StarView.swift in Sources */ = {isa = PBXBuildFile; fileRef = 174BEB9A2A1C443F00C8D0A7 /* StarView.swift */; };
		174BEBA62A1C443F00C8D0A7 /* SpaceView.swift in Sources */ = {isa = PBXBuildFile; fileRef = 174BEB9B2A1C443F00C8D0A7 /* SpaceView.swift */; };
		174BEBA72A1C443F00C8D0A7 /* PlanetView.swift in Sources */ = {isa = PBXBuildFile; fileRef = 174BEB9C2A1C443F00C8D0A7 /* PlanetView.swift */; };
		174BEBA82A1C443F00C8D0A7 /* MoonPhasesView.swift in Sources */ = {isa = PBXBuildFile; fileRef = 174BEB9D2A1C443F00C8D0A7 /* MoonPhasesView.swift */; };
		174BEBA92A1C443F00C8D0A7 /* TextContentView.swift in Sources */ = {isa = PBXBuildFile; fileRef = 174BEB9E2A1C443F00C8D0A7 /* TextContentView.swift */; };
		174BEBAA2A1C443F00C8D0A7 /* Tide.swift in Sources */ = {isa = PBXBuildFile; fileRef = 174BEB9F2A1C443F00C8D0A7 /* Tide.swift */; };
		174BEBAB2A1C443F00C8D0A7 /* TideSystem.swift in Sources */ = {isa = PBXBuildFile; fileRef = 174BEBA12A1C443F00C8D0A7 /* TideSystem.swift */; };
		174BEBAC2A1C443F00C8D0A7 /* SolarSystem.swift in Sources */ = {isa = PBXBuildFile; fileRef = 174BEBA22A1C443F00C8D0A7 /* SolarSystem.swift */; };
		174BEBAD2A1C443F00C8D0A7 /* MoonSystemView.swift in Sources */ = {isa = PBXBuildFile; fileRef = 174BEBA32A1C443F00C8D0A7 /* MoonSystemView.swift */; };
		174BEBB42A1C44CB00C8D0A7 /* MusicPlayer.swift in Sources */ = {isa = PBXBuildFile; fileRef = 174BEBB32A1C44CB00C8D0A7 /* MusicPlayer.swift */; };
		174BEBBA2A1C45A100C8D0A7 /* mainMusic.mp3 in Resources */ = {isa = PBXBuildFile; fileRef = 174BEBB92A1C45A100C8D0A7 /* mainMusic.mp3 */; };
		17C96F5C2A1C550300BDFB0C /* TestCoreMotionView.swift in Sources */ = {isa = PBXBuildFile; fileRef = 17C96F5B2A1C550300BDFB0C /* TestCoreMotionView.swift */; };
/* End PBXBuildFile section */

/* Begin PBXFileReference section */
		174BEB862A1C430800C8D0A7 /* SpaceTuor.app */ = {isa = PBXFileReference; explicitFileType = wrapper.application; includeInIndex = 0; path = SpaceTuor.app; sourceTree = BUILT_PRODUCTS_DIR; };
		174BEB892A1C430800C8D0A7 /* SpaceTuorApp.swift */ = {isa = PBXFileReference; lastKnownFileType = sourcecode.swift; path = SpaceTuorApp.swift; sourceTree = "<group>"; };
		174BEB8B2A1C430800C8D0A7 /* ContentView.swift */ = {isa = PBXFileReference; lastKnownFileType = sourcecode.swift; path = ContentView.swift; sourceTree = "<group>"; };
		174BEB8D2A1C430900C8D0A7 /* Assets.xcassets */ = {isa = PBXFileReference; lastKnownFileType = folder.assetcatalog; path = Assets.xcassets; sourceTree = "<group>"; };
		174BEB902A1C430900C8D0A7 /* Preview Assets.xcassets */ = {isa = PBXFileReference; lastKnownFileType = folder.assetcatalog; path = "Preview Assets.xcassets"; sourceTree = "<group>"; };
		174BEB992A1C443F00C8D0A7 /* OrbitalPathView.swift */ = {isa = PBXFileReference; fileEncoding = 4; lastKnownFileType = sourcecode.swift; path = OrbitalPathView.swift; sourceTree = "<group>"; };
		174BEB9A2A1C443F00C8D0A7 /* StarView.swift */ = {isa = PBXFileReference; fileEncoding = 4; lastKnownFileType = sourcecode.swift; path = StarView.swift; sourceTree = "<group>"; };
		174BEB9B2A1C443F00C8D0A7 /* SpaceView.swift */ = {isa = PBXFileReference; fileEncoding = 4; lastKnownFileType = sourcecode.swift; path = SpaceView.swift; sourceTree = "<group>"; };
		174BEB9C2A1C443F00C8D0A7 /* PlanetView.swift */ = {isa = PBXFileReference; fileEncoding = 4; lastKnownFileType = sourcecode.swift; path = PlanetView.swift; sourceTree = "<group>"; };
		174BEB9D2A1C443F00C8D0A7 /* MoonPhasesView.swift */ = {isa = PBXFileReference; fileEncoding = 4; lastKnownFileType = sourcecode.swift; path = MoonPhasesView.swift; sourceTree = "<group>"; };
		174BEB9E2A1C443F00C8D0A7 /* TextContentView.swift */ = {isa = PBXFileReference; fileEncoding = 4; lastKnownFileType = sourcecode.swift; path = TextContentView.swift; sourceTree = "<group>"; };
		174BEB9F2A1C443F00C8D0A7 /* Tide.swift */ = {isa = PBXFileReference; fileEncoding = 4; lastKnownFileType = sourcecode.swift; path = Tide.swift; sourceTree = "<group>"; };
		174BEBA12A1C443F00C8D0A7 /* TideSystem.swift */ = {isa = PBXFileReference; fileEncoding = 4; lastKnownFileType = sourcecode.swift; path = TideSystem.swift; sourceTree = "<group>"; };
		174BEBA22A1C443F00C8D0A7 /* SolarSystem.swift */ = {isa = PBXFileReference; fileEncoding = 4; lastKnownFileType = sourcecode.swift; path = SolarSystem.swift; sourceTree = "<group>"; };
		174BEBA32A1C443F00C8D0A7 /* MoonSystemView.swift */ = {isa = PBXFileReference; fileEncoding = 4; lastKnownFileType = sourcecode.swift; path = MoonSystemView.swift; sourceTree = "<group>"; };
		174BEBB32A1C44CB00C8D0A7 /* MusicPlayer.swift */ = {isa = PBXFileReference; lastKnownFileType = sourcecode.swift; path = MusicPlayer.swift; sourceTree = "<group>"; };
		174BEBB92A1C45A100C8D0A7 /* mainMusic.mp3 */ = {isa = PBXFileReference; lastKnownFileType = audio.mp3; path = mainMusic.mp3; sourceTree = "<group>"; };
		17C96F5B2A1C550300BDFB0C /* TestCoreMotionView.swift */ = {isa = PBXFileReference; lastKnownFileType = sourcecode.swift; path = TestCoreMotionView.swift; sourceTree = "<group>"; };
/* End PBXFileReference section */

/* Begin PBXFrameworksBuildPhase section */
		174BEB832A1C430800C8D0A7 /* Frameworks */ = {
			isa = PBXFrameworksBuildPhase;
			buildActionMask = 2147483647;
			files = (
			);
			runOnlyForDeploymentPostprocessing = 0;
		};
/* End PBXFrameworksBuildPhase section */

/* Begin PBXGroup section */
		174BEB7D2A1C430800C8D0A7 = {
			isa = PBXGroup;
			children = (
				174BEB882A1C430800C8D0A7 /* SpaceTuor */,
				174BEB872A1C430800C8D0A7 /* Products */,
			);
			sourceTree = "<group>";
		};
		174BEB872A1C430800C8D0A7 /* Products */ = {
			isa = PBXGroup;
			children = (
				174BEB862A1C430800C8D0A7 /* SpaceTuor.app */,
			);
			name = Products;
			sourceTree = "<group>";
		};
		174BEB882A1C430800C8D0A7 /* SpaceTuor */ = {
			isa = PBXGroup;
			children = (
				174BEB892A1C430800C8D0A7 /* SpaceTuorApp.swift */,
				174BEB8B2A1C430800C8D0A7 /* ContentView.swift */,
				17C96F5B2A1C550300BDFB0C /* TestCoreMotionView.swift */,
				174BEBB32A1C44CB00C8D0A7 /* MusicPlayer.swift */,
				174BEB8D2A1C430900C8D0A7 /* Assets.xcassets */,
				174BEB972A1C443F00C8D0A7 /* Models */,
				174BEB8F2A1C430900C8D0A7 /* Preview Content */,
			);
			path = SpaceTuor;
			sourceTree = "<group>";
		};
		174BEB8F2A1C430900C8D0A7 /* Preview Content */ = {
			isa = PBXGroup;
			children = (
				174BEB902A1C430900C8D0A7 /* Preview Assets.xcassets */,
			);
			path = "Preview Content";
			sourceTree = "<group>";
		};
		174BEB972A1C443F00C8D0A7 /* Models */ = {
			isa = PBXGroup;
			children = (
				174BEBB92A1C45A100C8D0A7 /* mainMusic.mp3 */,
				174BEB982A1C443F00C8D0A7 /* Component */,
				174BEBA02A1C443F00C8D0A7 /* System */,
			);
			path = Models;
			sourceTree = "<group>";
		};
		174BEB982A1C443F00C8D0A7 /* Component */ = {
			isa = PBXGroup;
			children = (
				174BEB992A1C443F00C8D0A7 /* OrbitalPathView.swift */,
				174BEB9A2A1C443F00C8D0A7 /* StarView.swift */,
				174BEB9B2A1C443F00C8D0A7 /* SpaceView.swift */,
				174BEB9C2A1C443F00C8D0A7 /* PlanetView.swift */,
				174BEB9D2A1C443F00C8D0A7 /* MoonPhasesView.swift */,
				174BEB9E2A1C443F00C8D0A7 /* TextContentView.swift */,
				174BEB9F2A1C443F00C8D0A7 /* Tide.swift */,
			);
			path = Component;
			sourceTree = "<group>";
		};
		174BEBA02A1C443F00C8D0A7 /* System */ = {
			isa = PBXGroup;
			children = (
				174BEBA12A1C443F00C8D0A7 /* TideSystem.swift */,
				174BEBA22A1C443F00C8D0A7 /* SolarSystem.swift */,
				174BEBA32A1C443F00C8D0A7 /* MoonSystemView.swift */,
			);
			path = System;
			sourceTree = "<group>";
		};
/* End PBXGroup section */

/* Begin PBXNativeTarget section */
		174BEB852A1C430800C8D0A7 /* SpaceTuor */ = {
			isa = PBXNativeTarget;
			buildConfigurationList = 174BEB942A1C430900C8D0A7 /* Build configuration list for PBXNativeTarget "SpaceTuor" */;
			buildPhases = (
				174BEB822A1C430800C8D0A7 /* Sources */,
				174BEB832A1C430800C8D0A7 /* Frameworks */,
				174BEB842A1C430800C8D0A7 /* Resources */,
			);
			buildRules = (
			);
			dependencies = (
			);
			name = SpaceTuor;
			productName = SpaceTuor;
			productReference = 174BEB862A1C430800C8D0A7 /* SpaceTuor.app */;
			productType = "com.apple.product-type.application";
		};
/* End PBXNativeTarget section */

/* Begin PBXProject section */
		174BEB7E2A1C430800C8D0A7 /* Project object */ = {
			isa = PBXProject;
			attributes = {
				BuildIndependentTargetsInParallel = 1;
				LastSwiftUpdateCheck = 1430;
				LastUpgradeCheck = 1430;
				TargetAttributes = {
					174BEB852A1C430800C8D0A7 = {
						CreatedOnToolsVersion = 14.3;
					};
				};
			};
			buildConfigurationList = 174BEB812A1C430800C8D0A7 /* Build configuration list for PBXProject "SpaceTuor" */;
			compatibilityVersion = "Xcode 14.0";
			developmentRegion = en;
			hasScannedForEncodings = 0;
			knownRegions = (
				en,
				Base,
			);
			mainGroup = 174BEB7D2A1C430800C8D0A7;
			productRefGroup = 174BEB872A1C430800C8D0A7 /* Products */;
			projectDirPath = "";
			projectRoot = "";
			targets = (
				174BEB852A1C430800C8D0A7 /* SpaceTuor */,
			);
		};
/* End PBXProject section */

/* Begin PBXResourcesBuildPhase section */
		174BEB842A1C430800C8D0A7 /* Resources */ = {
			isa = PBXResourcesBuildPhase;
			buildActionMask = 2147483647;
			files = (
				174BEB912A1C430900C8D0A7 /* Preview Assets.xcassets in Resources */,
				174BEB8E2A1C430900C8D0A7 /* Assets.xcassets in Resources */,
				174BEBBA2A1C45A100C8D0A7 /* mainMusic.mp3 in Resources */,
			);
			runOnlyForDeploymentPostprocessing = 0;
		};
/* End PBXResourcesBuildPhase section */

/* Begin PBXSourcesBuildPhase section */
		174BEB822A1C430800C8D0A7 /* Sources */ = {
			isa = PBXSourcesBuildPhase;
			buildActionMask = 2147483647;
			files = (
				174BEBB42A1C44CB00C8D0A7 /* MusicPlayer.swift in Sources */,
				174BEBA82A1C443F00C8D0A7 /* MoonPhasesView.swift in Sources */,
				174BEBAC2A1C443F00C8D0A7 /* SolarSystem.swift in Sources */,
				174BEB8C2A1C430800C8D0A7 /* ContentView.swift in Sources */,
				174BEBA62A1C443F00C8D0A7 /* SpaceView.swift in Sources */,
				174BEBAD2A1C443F00C8D0A7 /* MoonSystemView.swift in Sources */,
				174BEBA92A1C443F00C8D0A7 /* TextContentView.swift in Sources */,
				174BEBA72A1C443F00C8D0A7 /* PlanetView.swift in Sources */,
				174BEB8A2A1C430800C8D0A7 /* SpaceTuorApp.swift in Sources */,
				174BEBAB2A1C443F00C8D0A7 /* TideSystem.swift in Sources */,
				174BEBAA2A1C443F00C8D0A7 /* Tide.swift in Sources */,
				174BEBA52A1C443F00C8D0A7 /* StarView.swift in Sources */,
				174BEBA42A1C443F00C8D0A7 /* OrbitalPathView.swift in Sources */,
				17C96F5C2A1C550300BDFB0C /* TestCoreMotionView.swift in Sources */,
			);
			runOnlyForDeploymentPostprocessing = 0;
		};
/* End PBXSourcesBuildPhase section */

/* Begin XCBuildConfiguration section */
		174BEB922A1C430900C8D0A7 /* Debug */ = {
			isa = XCBuildConfiguration;
			buildSettings = {
				ALWAYS_SEARCH_USER_PATHS = NO;
				CLANG_ANALYZER_NONNULL = YES;
				CLANG_ANALYZER_NUMBER_OBJECT_CONVERSION = YES_AGGRESSIVE;
				CLANG_CXX_LANGUAGE_STANDARD = "gnu++20";
				CLANG_ENABLE_MODULES = YES;
				CLANG_ENABLE_OBJC_ARC = YES;
				CLANG_ENABLE_OBJC_WEAK = YES;
				CLANG_WARN_BLOCK_CAPTURE_AUTORELEASING = YES;
				CLANG_WARN_BOOL_CONVERSION = YES;
				CLANG_WARN_COMMA = YES;
				CLANG_WARN_CONSTANT_CONVERSION = YES;
				CLANG_WARN_DEPRECATED_OBJC_IMPLEMENTATIONS = YES;
				CLANG_WARN_DIRECT_OBJC_ISA_USAGE = YES_ERROR;
				CLANG_WARN_DOCUMENTATION_COMMENTS = YES;
				CLANG_WARN_EMPTY_BODY = YES;
				CLANG_WARN_ENUM_CONVERSION = YES;
				CLANG_WARN_INFINITE_RECURSION = YES;
				CLANG_WARN_INT_CONVERSION = YES;
				CLANG_WARN_NON_LITERAL_NULL_CONVERSION = YES;
				CLANG_WARN_OBJC_IMPLICIT_RETAIN_SELF = YES;
				CLANG_WARN_OBJC_LITERAL_CONVERSION = YES;
				CLANG_WARN_OBJC_ROOT_CLASS = YES_ERROR;
				CLANG_WARN_QUOTED_INCLUDE_IN_FRAMEWORK_HEADER = YES;
				CLANG_WARN_RANGE_LOOP_ANALYSIS = YES;
				CLANG_WARN_STRICT_PROTOTYPES = YES;
				CLANG_WARN_SUSPICIOUS_MOVE = YES;
				CLANG_WARN_UNGUARDED_AVAILABILITY = YES_AGGRESSIVE;
				CLANG_WARN_UNREACHABLE_CODE = YES;
				CLANG_WARN__DUPLICATE_METHOD_MATCH = YES;
				COPY_PHASE_STRIP = NO;
				DEBUG_INFORMATION_FORMAT = dwarf;
				ENABLE_STRICT_OBJC_MSGSEND = YES;
				ENABLE_TESTABILITY = YES;
				GCC_C_LANGUAGE_STANDARD = gnu11;
				GCC_DYNAMIC_NO_PIC = NO;
				GCC_NO_COMMON_BLOCKS = YES;
				GCC_OPTIMIZATION_LEVEL = 0;
				GCC_PREPROCESSOR_DEFINITIONS = (
					"DEBUG=1",
					"$(inherited)",
				);
				GCC_WARN_64_TO_32_BIT_CONVERSION = YES;
				GCC_WARN_ABOUT_RETURN_TYPE = YES_ERROR;
				GCC_WARN_UNDECLARED_SELECTOR = YES;
				GCC_WARN_UNINITIALIZED_AUTOS = YES_AGGRESSIVE;
				GCC_WARN_UNUSED_FUNCTION = YES;
				GCC_WARN_UNUSED_VARIABLE = YES;
				IPHONEOS_DEPLOYMENT_TARGET = 16.4;
				MTL_ENABLE_DEBUG_INFO = INCLUDE_SOURCE;
				MTL_FAST_MATH = YES;
				ONLY_ACTIVE_ARCH = YES;
				SDKROOT = iphoneos;
				SWIFT_ACTIVE_COMPILATION_CONDITIONS = DEBUG;
				SWIFT_OPTIMIZATION_LEVEL = "-Onone";
			};
			name = Debug;
		};
		174BEB932A1C430900C8D0A7 /* Release */ = {
			isa = XCBuildConfiguration;
			buildSettings = {
				ALWAYS_SEARCH_USER_PATHS = NO;
				CLANG_ANALYZER_NONNULL = YES;
				CLANG_ANALYZER_NUMBER_OBJECT_CONVERSION = YES_AGGRESSIVE;
				CLANG_CXX_LANGUAGE_STANDARD = "gnu++20";
				CLANG_ENABLE_MODULES = YES;
				CLANG_ENABLE_OBJC_ARC = YES;
				CLANG_ENABLE_OBJC_WEAK = YES;
				CLANG_WARN_BLOCK_CAPTURE_AUTORELEASING = YES;
				CLANG_WARN_BOOL_CONVERSION = YES;
				CLANG_WARN_COMMA = YES;
				CLANG_WARN_CONSTANT_CONVERSION = YES;
				CLANG_WARN_DEPRECATED_OBJC_IMPLEMENTATIONS = YES;
				CLANG_WARN_DIRECT_OBJC_ISA_USAGE = YES_ERROR;
				CLANG_WARN_DOCUMENTATION_COMMENTS = YES;
				CLANG_WARN_EMPTY_BODY = YES;
				CLANG_WARN_ENUM_CONVERSION = YES;
				CLANG_WARN_INFINITE_RECURSION = YES;
				CLANG_WARN_INT_CONVERSION = YES;
				CLANG_WARN_NON_LITERAL_NULL_CONVERSION = YES;
				CLANG_WARN_OBJC_IMPLICIT_RETAIN_SELF = YES;
				CLANG_WARN_OBJC_LITERAL_CONVERSION = YES;
				CLANG_WARN_OBJC_ROOT_CLASS = YES_ERROR;
				CLANG_WARN_QUOTED_INCLUDE_IN_FRAMEWORK_HEADER = YES;
				CLANG_WARN_RANGE_LOOP_ANALYSIS = YES;
				CLANG_WARN_STRICT_PROTOTYPES = YES;
				CLANG_WARN_SUSPICIOUS_MOVE = YES;
				CLANG_WARN_UNGUARDED_AVAILABILITY = YES_AGGRESSIVE;
				CLANG_WARN_UNREACHABLE_CODE = YES;
				CLANG_WARN__DUPLICATE_METHOD_MATCH = YES;
				COPY_PHASE_STRIP = NO;
				DEBUG_INFORMATION_FORMAT = "dwarf-with-dsym";
				ENABLE_NS_ASSERTIONS = NO;
				ENABLE_STRICT_OBJC_MSGSEND = YES;
				GCC_C_LANGUAGE_STANDARD = gnu11;
				GCC_NO_COMMON_BLOCKS = YES;
				GCC_WARN_64_TO_32_BIT_CONVERSION = YES;
				GCC_WARN_ABOUT_RETURN_TYPE = YES_ERROR;
				GCC_WARN_UNDECLARED_SELECTOR = YES;
				GCC_WARN_UNINITIALIZED_AUTOS = YES_AGGRESSIVE;
				GCC_WARN_UNUSED_FUNCTION = YES;
				GCC_WARN_UNUSED_VARIABLE = YES;
				IPHONEOS_DEPLOYMENT_TARGET = 16.4;
				MTL_ENABLE_DEBUG_INFO = NO;
				MTL_FAST_MATH = YES;
				SDKROOT = iphoneos;
				SWIFT_COMPILATION_MODE = wholemodule;
				SWIFT_OPTIMIZATION_LEVEL = "-O";
				VALIDATE_PRODUCT = YES;
			};
			name = Release;
		};
		174BEB952A1C430900C8D0A7 /* Debug */ = {
			isa = XCBuildConfiguration;
			buildSettings = {
				ASSETCATALOG_COMPILER_APPICON_NAME = AppIcon;
				ASSETCATALOG_COMPILER_GLOBAL_ACCENT_COLOR_NAME = AccentColor;
				CODE_SIGN_STYLE = Automatic;
				CURRENT_PROJECT_VERSION = 1;
				DEVELOPMENT_ASSET_PATHS = "\"SpaceTuor/Preview Content\"";
				DEVELOPMENT_TEAM = 749Q737TF5;
				ENABLE_PREVIEWS = YES;
				GENERATE_INFOPLIST_FILE = YES;
				INFOPLIST_KEY_UIApplicationSceneManifest_Generation = YES;
				INFOPLIST_KEY_UIApplicationSupportsIndirectInputEvents = YES;
				INFOPLIST_KEY_UILaunchScreen_Generation = YES;
				INFOPLIST_KEY_UISupportedInterfaceOrientations_iPad = "UIInterfaceOrientationPortrait UIInterfaceOrientationPortraitUpsideDown UIInterfaceOrientationLandscapeLeft UIInterfaceOrientationLandscapeRight";
				INFOPLIST_KEY_UISupportedInterfaceOrientations_iPhone = "UIInterfaceOrientationPortrait UIInterfaceOrientationLandscapeLeft UIInterfaceOrientationLandscapeRight";
				LD_RUNPATH_SEARCH_PATHS = (
					"$(inherited)",
					"@executable_path/Frameworks",
				);
				MARKETING_VERSION = 1.0;
				PRODUCT_BUNDLE_IDENTIFIER = br.ufpe.cin.academy.SpaceTuor;
				PRODUCT_NAME = "$(TARGET_NAME)";
				SWIFT_EMIT_LOC_STRINGS = YES;
				SWIFT_VERSION = 5.0;
				TARGETED_DEVICE_FAMILY = "1,2";
			};
			name = Debug;
		};
		174BEB962A1C430900C8D0A7 /* Release */ = {
			isa = XCBuildConfiguration;
			buildSettings = {
				ASSETCATALOG_COMPILER_APPICON_NAME = AppIcon;
				ASSETCATALOG_COMPILER_GLOBAL_ACCENT_COLOR_NAME = AccentColor;
				CODE_SIGN_STYLE = Automatic;
				CURRENT_PROJECT_VERSION = 1;
				DEVELOPMENT_ASSET_PATHS = "\"SpaceTuor/Preview Content\"";
				DEVELOPMENT_TEAM = 749Q737TF5;
				ENABLE_PREVIEWS = YES;
				GENERATE_INFOPLIST_FILE = YES;
				INFOPLIST_KEY_UIApplicationSceneManifest_Generation = YES;
				INFOPLIST_KEY_UIApplicationSupportsIndirectInputEvents = YES;
				INFOPLIST_KEY_UILaunchScreen_Generation = YES;
				INFOPLIST_KEY_UISupportedInterfaceOrientations_iPad = "UIInterfaceOrientationPortrait UIInterfaceOrientationPortraitUpsideDown UIInterfaceOrientationLandscapeLeft UIInterfaceOrientationLandscapeRight";
				INFOPLIST_KEY_UISupportedInterfaceOrientations_iPhone = "UIInterfaceOrientationPortrait UIInterfaceOrientationLandscapeLeft UIInterfaceOrientationLandscapeRight";
				LD_RUNPATH_SEARCH_PATHS = (
					"$(inherited)",
					"@executable_path/Frameworks",
				);
				MARKETING_VERSION = 1.0;
				PRODUCT_BUNDLE_IDENTIFIER = br.ufpe.cin.academy.SpaceTuor;
				PRODUCT_NAME = "$(TARGET_NAME)";
				SWIFT_EMIT_LOC_STRINGS = YES;
				SWIFT_VERSION = 5.0;
				TARGETED_DEVICE_FAMILY = "1,2";
			};
			name = Release;
		};
/* End XCBuildConfiguration section */

/* Begin XCConfigurationList section */
		174BEB812A1C430800C8D0A7 /* Build configuration list for PBXProject "SpaceTuor" */ = {
			isa = XCConfigurationList;
			buildConfigurations = (
				174BEB922A1C430900C8D0A7 /* Debug */,
				174BEB932A1C430900C8D0A7 /* Release */,
			);
			defaultConfigurationIsVisible = 0;
			defaultConfigurationName = Release;
		};
		174BEB942A1C430900C8D0A7 /* Build configuration list for PBXNativeTarget "SpaceTuor" */ = {
			isa = XCConfigurationList;
			buildConfigurations = (
				174BEB952A1C430900C8D0A7 /* Debug */,
				174BEB962A1C430900C8D0A7 /* Release */,
			);
			defaultConfigurationIsVisible = 0;
			defaultConfigurationName = Release;
		};
/* End XCConfigurationList section */
	};
	rootObject = 174BEB7E2A1C430800C8D0A7 /* Project object */;
}
